
Microsoft Visual Studio Solution File, Format Version 12.00
# Visual Studio 2013
VisualStudioVersion = 12.0.21005.1
MinimumVisualStudioVersion = 10.0.40219.1
Project("{8BC9CEB8-8B4A-11D0-8D11-00A0C91BC942}") = "SequentialQueueCpp", "SequentialQueueCpp\SequentialQueueCpp.vcxproj", "{26425621-A796-45E5-8F48-A602A23BD7EE}"
EndProject
Project("{FAE04EC0-301F-11D3-BF4B-00C04F79EFBC}") = "SequentialQueueTest", "SequentialQueueTest\SequentialQueueTest.csproj", "{F239BC3D-26ED-435B-919C-EAE8CE34E72A}"
EndProject
Project("{FAE04EC0-301F-11D3-BF4B-00C04F79EFBC}") = "SimulatedClinic", "SimulatedClinic\SimulatedClinic.csproj", "{C8AA5169-B577-42D2-B135-46AAC496B22C}"
EndProject
Global
	GlobalSection(SolutionConfigurationPlatforms) = preSolution
		CD_ROM|Any CPU = CD_ROM|Any CPU
		CD_ROM|Mixed Platforms = CD_ROM|Mixed Platforms
		CD_ROM|Win32 = CD_ROM|Win32
		Debug|Any CPU = Debug|Any CPU
		Debug|Mixed Platforms = Debug|Mixed Platforms
		Debug|Win32 = Debug|Win32
		DVD-5|Any CPU = DVD-5|Any CPU
		DVD-5|Mixed Platforms = DVD-5|Mixed Platforms
		DVD-5|Win32 = DVD-5|Win32
		Release|Any CPU = Release|Any CPU
		Release|Mixed Platforms = Release|Mixed Platforms
		Release|Win32 = Release|Win32
		SingleImage|Any CPU = SingleImage|Any CPU
		SingleImage|Mixed Platforms = SingleImage|Mixed Platforms
		SingleImage|Win32 = SingleImage|Win32
	EndGlobalSection
	GlobalSection(ProjectConfigurationPlatforms) = postSolution
		{26425621-A796-45E5-8F48-A602A23BD7EE}.CD_ROM|Any CPU.ActiveCfg = Release|Win32
		{26425621-A796-45E5-8F48-A602A23BD7EE}.CD_ROM|Mixed Platforms.ActiveCfg = Release|Win32
		{26425621-A796-45E5-8F48-A602A23BD7EE}.CD_ROM|Mixed Platforms.Build.0 = Release|Win32
		{26425621-A796-45E5-8F48-A602A23BD7EE}.CD_ROM|Win32.ActiveCfg = Release|Win32
		{26425621-A796-45E5-8F48-A602A23BD7EE}.CD_ROM|Win32.Build.0 = Release|Win32
		{26425621-A796-45E5-8F48-A602A23BD7EE}.Debug|Any CPU.ActiveCfg = Debug|Win32
		{26425621-A796-45E5-8F48-A602A23BD7EE}.Debug|Mixed Platforms.ActiveCfg = Debug|Win32
		{26425621-A796-45E5-8F48-A602A23BD7EE}.Debug|Mixed Platforms.Build.0 = Debug|Win32
		{26425621-A796-45E5-8F48-A602A23BD7EE}.Debug|Win32.ActiveCfg = Debug|Win32
		{26425621-A796-45E5-8F48-A602A23BD7EE}.Debug|Win32.Build.0 = Debug|Win32
		{26425621-A796-45E5-8F48-A602A23BD7EE}.DVD-5|Any CPU.ActiveCfg = Debug|Win32
		{26425621-A796-45E5-8F48-A602A23BD7EE}.DVD-5|Mixed Platforms.ActiveCfg = Debug|Win32
		{26425621-A796-45E5-8F48-A602A23BD7EE}.DVD-5|Mixed Platforms.Build.0 = Debug|Win32
		{26425621-A796-45E5-8F48-A602A23BD7EE}.DVD-5|Win32.ActiveCfg = Debug|Win32
		{26425621-A796-45E5-8F48-A602A23BD7EE}.DVD-5|Win32.Build.0 = Debug|Win32
		{26425621-A796-45E5-8F48-A602A23BD7EE}.Release|Any CPU.ActiveCfg = Release|Win32
		{26425621-A796-45E5-8F48-A602A23BD7EE}.Release|Mixed Platforms.ActiveCfg = Release|Win32
		{26425621-A796-45E5-8F48-A602A23BD7EE}.Release|Mixed Platforms.Build.0 = Release|Win32
		{26425621-A796-45E5-8F48-A602A23BD7EE}.Release|Win32.ActiveCfg = Release|Win32
		{26425621-A796-45E5-8F48-A602A23BD7EE}.Release|Win32.Build.0 = Release|Win32
		{26425621-A796-45E5-8F48-A602A23BD7EE}.SingleImage|Any CPU.ActiveCfg = Release|Win32
		{26425621-A796-45E5-8F48-A602A23BD7EE}.SingleImage|Mixed Platforms.ActiveCfg = Release|Win32
		{26425621-A796-45E5-8F48-A602A23BD7EE}.SingleImage|Mixed Platforms.Build.0 = Release|Win32
		{26425621-A796-45E5-8F48-A602A23BD7EE}.SingleImage|Win32.ActiveCfg = Release|Win32
		{26425621-A796-45E5-8F48-A602A23BD7EE}.SingleImage|Win32.Build.0 = Release|Win32
		{F239BC3D-26ED-435B-919C-EAE8CE34E72A}.CD_ROM|Any CPU.ActiveCfg = Release|Any CPU
		{F239BC3D-26ED-435B-919C-EAE8CE34E72A}.CD_ROM|Any CPU.Build.0 = Release|Any CPU
		{F239BC3D-26ED-435B-919C-EAE8CE34E72A}.CD_ROM|Mixed Platforms.ActiveCfg = Release|Any CPU
		{F239BC3D-26ED-435B-919C-EAE8CE34E72A}.CD_ROM|Mixed Platforms.Build.0 = Release|Any CPU
		{F239BC3D-26ED-435B-919C-EAE8CE34E72A}.CD_ROM|Win32.ActiveCfg = Release|Any CPU
		{F239BC3D-26ED-435B-919C-EAE8CE34E72A}.Debug|Any CPU.ActiveCfg = Debug|Any CPU
		{F239BC3D-26ED-435B-919C-EAE8CE34E72A}.Debug|Any CPU.Build.0 = Debug|Any CPU
		{F239BC3D-26ED-435B-919C-EAE8CE34E72A}.Debug|Mixed Platforms.ActiveCfg = Debug|Any CPU
		{F239BC3D-26ED-435B-919C-EAE8CE34E72A}.Debug|Mixed Platforms.Build.0 = Debug|Any CPU
		{F239BC3D-26ED-435B-919C-EAE8CE34E72A}.Debug|Win32.ActiveCfg = Debug|Any CPU
		{F239BC3D-26ED-435B-919C-EAE8CE34E72A}.DVD-5|Any CPU.ActiveCfg = Debug|Any CPU
		{F239BC3D-26ED-435B-919C-EAE8CE34E72A}.DVD-5|Any CPU.Build.0 = Debug|Any CPU
		{F239BC3D-26ED-435B-919C-EAE8CE34E72A}.DVD-5|Mixed Platforms.ActiveCfg = Debug|Any CPU
		{F239BC3D-26ED-435B-919C-EAE8CE34E72A}.DVD-5|Mixed Platforms.Build.0 = Debug|Any CPU
		{F239BC3D-26ED-435B-919C-EAE8CE34E72A}.DVD-5|Win32.ActiveCfg = Debug|Any CPU
		{F239BC3D-26ED-435B-919C-EAE8CE34E72A}.Release|Any CPU.ActiveCfg = Release|Any CPU
		{F239BC3D-26ED-435B-919C-EAE8CE34E72A}.Release|Any CPU.Build.0 = Release|Any CPU
		{F239BC3D-26ED-435B-919C-EAE8CE34E72A}.Release|Mixed Platforms.ActiveCfg = Release|Any CPU
		{F239BC3D-26ED-435B-919C-EAE8CE34E72A}.Release|Mixed Platforms.Build.0 = Release|Any CPU
		{F239BC3D-26ED-435B-919C-EAE8CE34E72A}.Release|Win32.ActiveCfg = Release|Any CPU
		{F239BC3D-26ED-435B-919C-EAE8CE34E72A}.SingleImage|Any CPU.ActiveCfg = Release|Any CPU
		{F239BC3D-26ED-435B-919C-EAE8CE34E72A}.SingleImage|Any CPU.Build.0 = Release|Any CPU
		{F239BC3D-26ED-435B-919C-EAE8CE34E72A}.SingleImage|Mixed Platforms.ActiveCfg = Release|Any CPU
		{F239BC3D-26ED-435B-919C-EAE8CE34E72A}.SingleImage|Mixed Platforms.Build.0 = Release|Any CPU
		{F239BC3D-26ED-435B-919C-EAE8CE34E72A}.SingleImage|Win32.ActiveCfg = Release|Any CPU
		{C8AA5169-B577-42D2-B135-46AAC496B22C}.CD_ROM|Any CPU.ActiveCfg = Release|Any CPU
		{C8AA5169-B577-42D2-B135-46AAC496B22C}.CD_ROM|Any CPU.Build.0 = Release|Any CPU
		{C8AA5169-B577-42D2-B135-46AAC496B22C}.CD_ROM|Mixed Platforms.ActiveCfg = Release|Any CPU
		{C8AA5169-B577-42D2-B135-46AAC496B22C}.CD_ROM|Mixed Platforms.Build.0 = Release|Any CPU
		{C8AA5169-B577-42D2-B135-46AAC496B22C}.CD_ROM|Win32.ActiveCfg = Release|Any CPU
		{C8AA5169-B577-42D2-B135-46AAC496B22C}.Debug|Any CPU.ActiveCfg = Debug|Any CPU
		{C8AA5169-B577-42D2-B135-46AAC496B22C}.Debug|Any CPU.Build.0 = Debug|Any CPU
		{C8AA5169-B577-42D2-B135-46AAC496B22C}.Debug|Mixed Platforms.ActiveCfg = Debug|Any CPU
		{C8AA5169-B577-42D2-B135-46AAC496B22C}.Debug|Mixed Platforms.Build.0 = Debug|Any CPU
		{C8AA5169-B577-42D2-B135-46AAC496B22C}.Debug|Win32.ActiveCfg = Debug|Any CPU
		{C8AA5169-B577-42D2-B135-46AAC496B22C}.DVD-5|Any CPU.ActiveCfg = Debug|Any CPU
		{C8AA5169-B577-42D2-B135-46AAC496B22C}.DVD-5|Any CPU.Build.0 = Debug|Any CPU
		{C8AA5169-B577-42D2-B135-46AAC496B22C}.DVD-5|Mixed Platforms.ActiveCfg = Debug|Any CPU
		{C8AA5169-B577-42D2-B135-46AAC496B22C}.DVD-5|Mixed Platforms.Build.0 = Debug|Any CPU
		{C8AA5169-B577-42D2-B135-46AAC496B22C}.DVD-5|Win32.ActiveCfg = Debug|Any CPU
		{C8AA5169-B577-42D2-B135-46AAC496B22C}.Release|Any CPU.ActiveCfg = Release|Any CPU
		{C8AA5169-B577-42D2-B135-46AAC496B22C}.Release|Any CPU.Build.0 = Release|Any CPU
		{C8AA5169-B577-42D2-B135-46AAC496B22C}.Release|Mixed Platforms.ActiveCfg = Release|Any CPU
		{C8AA5169-B577-42D2-B135-46AAC496B22C}.Release|Mixed Platforms.Build.0 = Release|Any CPU
		{C8AA5169-B577-42D2-B135-46AAC496B22C}.Release|Win32.ActiveCfg = Release|Any CPU
		{C8AA5169-B577-42D2-B135-46AAC496B22C}.SingleImage|Any CPU.ActiveCfg = Release|Any CPU
		{C8AA5169-B577-42D2-B135-46AAC496B22C}.SingleImage|Any CPU.Build.0 = Release|Any CPU
		{C8AA5169-B577-42D2-B135-46AAC496B22C}.SingleImage|Mixed Platforms.ActiveCfg = Release|Any CPU
		{C8AA5169-B577-42D2-B135-46AAC496B22C}.SingleImage|Mixed Platforms.Build.0 = Release|Any CPU
		{C8AA5169-B577-42D2-B135-46AAC496B22C}.SingleImage|Win32.ActiveCfg = Release|Any CPU
	EndGlobalSection
	GlobalSection(SolutionProperties) = preSolution
		HideSolutionNode = FALSE
	EndGlobalSection
EndGlobal
